
Microsoft Visual Studio Solution File, Format Version 12.00
# Visual Studio Version 16
VisualStudioVersion = 16.0.31320.298
MinimumVisualStudioVersion = 10.0.40219.1
Project("{FAE04EC0-301F-11D3-BF4B-00C04F79EFBC}") = "DapperExtensions.Client", "DapperExtensions.Client\DapperExtensions.Client.csproj", "{52351011-1C05-4305-9844-2270E45295A9}"
EndProject
Global
	GlobalSection(SolutionConfigurationPlatforms) = preSolution
		Debug|Any CPU = Debug|Any CPU
		Release|Any CPU = Release|Any CPU
	EndGlobalSection
	GlobalSection(ProjectConfigurationPlatforms) = postSolution
		{52351011-1C05-4305-9844-2270E45295A9}.Debug|Any CPU.ActiveCfg = Debug|Any CPU
		{52351011-1C05-4305-9844-2270E45295A9}.Debug|Any CPU.Build.0 = Debug|Any CPU
		{52351011-1C05-4305-9844-2270E45295A9}.Release|Any CPU.ActiveCfg = Release|Any CPU
		{52351011-1C05-4305-9844-2270E45295A9}.Release|Any CPU.Build.0 = Release|Any CPU
	EndGlobalSection
	GlobalSection(SolutionProperties) = preSolution
		HideSolutionNode = FALSE
	EndGlobalSection
	GlobalSection(ExtensibilityGlobals) = postSolution
		SolutionGuid = {0C2340E3-6434-4D70-BAD6-3624834E7D06}
	EndGlobalSection
EndGlobal
